
Microsoft Visual Studio Solution File, Format Version 12.00
# Visual Studio Version 17
VisualStudioVersion = 17.9.34616.47
MinimumVisualStudioVersion = 10.0.40219.1
Project("{FAE04EC0-301F-11D3-BF4B-00C04F79EFBC}") = "Conversiones_FiurasGeomreticas_JO", "Conversiones_FiurasGeomreticas_JO.csproj", "{2C394F76-48B2-4C02-BFB3-630A4FEEDC01}"
EndProject
Global
	GlobalSection(SolutionConfigurationPlatforms) = preSolution
		Debug|Any CPU = Debug|Any CPU
		Release|Any CPU = Release|Any CPU
	EndGlobalSection
	GlobalSection(ProjectConfigurationPlatforms) = postSolution
		{2C394F76-48B2-4C02-BFB3-630A4FEEDC01}.Debug|Any CPU.ActiveCfg = Debug|Any CPU
		{2C394F76-48B2-4C02-BFB3-630A4FEEDC01}.Debug|Any CPU.Build.0 = Debug|Any CPU
		{2C394F76-48B2-4C02-BFB3-630A4FEEDC01}.Release|Any CPU.ActiveCfg = Release|Any CPU
		{2C394F76-48B2-4C02-BFB3-630A4FEEDC01}.Release|Any CPU.Build.0 = Release|Any CPU
	EndGlobalSection
	GlobalSection(SolutionProperties) = preSolution
		HideSolutionNode = FALSE
	EndGlobalSection
	GlobalSection(ExtensibilityGlobals) = postSolution
		SolutionGuid = {8FF09029-3FED-477F-A636-46E3260EDC15}
	EndGlobalSection
EndGlobal
